<?xml version="1.0" encoding="utf-8"?>
<Project ToolsVersion="4.0" xmlns="http://schemas.microsoft.com/developer/msbuild/2003">
  <ItemGroup>
    <Filter Include="Source Files">
      <UniqueIdentifier>{4FC737F1-C7A5-4376-A066-2A32D752A2FF}</UniqueIdentifier>
      <Extensions>cpp;c;cc;cxx;def;odl;idl;hpj;bat;asm;asmx</Extensions>
    </Filter>
    <Filter Include="Header Files">
      <UniqueIdentifier>{93995380-89BD-4b04-88EB-625FBE52EBFB}</UniqueIdentifier>
      <Extensions>h;hh;hpp;hxx;hm;inl;inc;xsd</Extensions>
    </Filter>
    <Filter Include="Resource Files">
      <UniqueIdentifier>{67DA6AB6-F800-4c08-8B7A-83BB121AAD01}</UniqueIdentifier>
      <Extensions>rc;ico;cur;bmp;dlg;rc2;rct;bin;rgs;gif;jpg;jpeg;jpe;resx;tiff;tif;png;wav;mfcribbon-ms</Extensions>
    </Filter>
    <Filter Include="Source Files\utils">
      <UniqueIdentifier>{676ce984-0c35-44a9-b9e0-064b338d91ac}</UniqueIdentifier>
    </Filter>
    <Filter Include="Header Files\utils">
      <UniqueIdentifier>{3203e4ed-327f-45ec-85c1-beb99b13d6f5}</UniqueIdentifier>
    </Filter>
    <Filter Include="Header Files\objects">
      <UniqueIdentifier>{4528ce73-660f-4062-9ffc-8d804ce2e28d}</UniqueIdentifier>
    </Filter>
    <Filter Include="Source Files\objects">
      <UniqueIdentifier>{3c671b3b-e77f-4193-a042-95605baf1096}</UniqueIdentifier>
    </Filter>
    <Filter Include="Header Files\memory">
      <UniqueIdentifier>{2063b373-996b-4581-95ba-fde03138c5f9}</UniqueIdentifier>
    </Filter>
    <Filter Include="Source Files\memory">
      <UniqueIdentifier>{5bfa4b2d-9b28-4730-a399-5c1cbb77e3c0}</UniqueIdentifier>
    </Filter>
    <Filter Include="Source Files\timing">
      <UniqueIdentifier>{0d8776aa-136b-4f34-94bc-5026337b9cb4}</UniqueIdentifier>
    </Filter>
    <Filter Include="Header Files\timing">
      <UniqueIdentifier>{b4b99bee-9d3e-49fe-9750-e623b13a98e0}</UniqueIdentifier>
    </Filter>
    <Filter Include="Header Files\utils\autoptr">
      <UniqueIdentifier>{20c9f259-5b5b-4ad5-bc1c-6ba02ce551d3}</UniqueIdentifier>
    </Filter>
    <Filter Include="Header Files\utils\sharedptr">
      <UniqueIdentifier>{78e8995d-8fdd-4201-b7a7-dfbf91ec34ea}</UniqueIdentifier>
    </Filter>
    <Filter Include="Source Files\render">
      <UniqueIdentifier>{c78e512a-8524-48ab-9ad0-5b4b6dffe67f}</UniqueIdentifier>
    </Filter>
    <Filter Include="Header Files\render">
      <UniqueIdentifier>{c68efd2f-4d89-428c-9348-a9848238aca7}</UniqueIdentifier>
    </Filter>
  </ItemGroup>
  <ItemGroup>
    <ClCompile Include="..\src\Engine.cpp">
      <Filter>Source Files</Filter>
    </ClCompile>
    <ClCompile Include="..\src\utils\Vec3.cpp">
      <Filter>Source Files\utils</Filter>
    </ClCompile>
    <ClCompile Include="..\src\objects\Moveable.cpp">
      <Filter>Source Files\objects</Filter>
    </ClCompile>
    <ClCompile Include="..\src\memory\SmallBlockAllocator.cpp">
      <Filter>Source Files\memory</Filter>
    </ClCompile>
    <ClCompile Include="..\src\memory\Allocators.cpp">
      <Filter>Source Files\memory</Filter>
    </ClCompile>
    <ClCompile Include="..\src\memory\BitField.cpp">
      <Filter>Source Files\memory</Filter>
    </ClCompile>
    <ClCompile Include="..\src\memory\BlockAllocators.cpp">
      <Filter>Source Files\memory</Filter>
    </ClCompile>
    <ClCompile Include="..\src\utils\Assert\Assert.Win32.cpp">
      <Filter>Source Files\utils</Filter>
    </ClCompile>
    <ClCompile Include="..\src\utils\Console\ConsolePrint.Win32.cpp">
      <Filter>Source Files\utils</Filter>
    </ClCompile>
    <ClCompile Include="..\src\memory\HeapAllocator.cpp">
      <Filter>Source Files</Filter>
    </ClCompile>
    <ClCompile Include="..\src\timing\Timing.Win32.cpp">
      <Filter>Source Files\timing</Filter>
    </ClCompile>
    <ClCompile Include="..\src\render\BasicRenderer.cpp">
      <Filter>Source Files\render</Filter>
    </ClCompile>
    <ClCompile Include="..\src\render\Renderable.cpp">
      <Filter>Source Files\render</Filter>
    </ClCompile>
    <ClCompile Include="..\src\utils\HashedString\HashedString.cpp">
      <Filter>Source Files</Filter>
    </ClCompile>
    <ClCompile Include="..\src\utils\StringPool\StringPool.cpp">
      <Filter>Header Files</Filter>
    </ClCompile>
  </ItemGroup>
  <ItemGroup>
    <ClInclude Include="..\src\Engine.hpp">
      <Filter>Header Files</Filter>
    </ClInclude>
    <ClInclude Include="..\src\utils\Vec3.hpp">
      <Filter>Header Files\utils</Filter>
    </ClInclude>
    <ClInclude Include="..\src\objects\Moveable.hpp">
      <Filter>Header Files\objects</Filter>
    </ClInclude>
    <ClInclude Include="..\src\memory\BitField.hpp">
      <Filter>Header Files</Filter>
    </ClInclude>
    <ClInclude Include="..\src\memory\Allocators.h">
      <Filter>Header Files\memory</Filter>
    </ClInclude>
    <ClInclude Include="..\src\memory\SmallBlockAllocator.hpp">
      <Filter>Header Files\memory</Filter>
    </ClInclude>
    <ClInclude Include="..\src\utils\Assert\Assert.h">
      <Filter>Header Files\utils</Filter>
    </ClInclude>
    <ClInclude Include="..\src\utils\Console\ConsolePrint.h">
      <Filter>Header Files\utils</Filter>
    </ClInclude>
    <ClInclude Include="..\src\utils\Target\Target.h">
      <Filter>Header Files\utils</Filter>
    </ClInclude>
    <ClInclude Include="..\src\utils\Target\Target.Win32.h">
      <Filter>Header Files\utils</Filter>
    </ClInclude>
    <ClInclude Include="..\src\memory\HeapAllocator.hpp">
      <Filter>Header Files</Filter>
    </ClInclude>
    <ClInclude Include="..\src\memory\BlockAllocators.hpp">
      <Filter>Header Files\memory</Filter>
    </ClInclude>
    <ClInclude Include="..\src\utils\RingBuffer.hpp">
      <Filter>Source Files\utils</Filter>
    </ClInclude>
    <ClInclude Include="..\src\utils\FloatHelpers.h">
      <Filter>Header Files\utils</Filter>
    </ClInclude>
    <ClInclude Include="..\src\timing\Timing.h">
      <Filter>Header Files\timing</Filter>
    </ClInclude>
    <ClInclude Include="..\src\utils\AutoPtr\AutoPtr.h">
      <Filter>Header Files\utils\autoptr</Filter>
    </ClInclude>
    <ClInclude Include="..\src\utils\AutoPtr\AutoPtr-inl.h">
      <Filter>Header Files\utils\autoptr</Filter>
    </ClInclude>
    <ClInclude Include="..\src\utils\SharedPtr\SharedPtr-inl.h">
      <Filter>Header Files\utils\sharedptr</Filter>
    </ClInclude>
    <ClInclude Include="..\src\utils\SharedPtr\SharedPtr.h">
      <Filter>Header Files\utils\sharedptr</Filter>
    </ClInclude>
    <ClInclude Include="..\src\render\BasicRenderer.h">
      <Filter>Header Files\render</Filter>
    </ClInclude>
    <ClInclude Include="..\src\render\Renderable.h">
      <Filter>Header Files</Filter>
    </ClInclude>
    <ClInclude Include="..\src\utils\NamedBitSet\NamedBitSet.h">
      <Filter>Header Files</Filter>
    </ClInclude>
    <ClInclude Include="..\src\utils\NamedBitSet\NamedBitSet-inl.h">
      <Filter>Header Files</Filter>
    </ClInclude>
    <ClInclude Include="..\src\utils\HashedString\HashedString.h">
      <Filter>Header Files</Filter>
    </ClInclude>
    <ClInclude Include="..\src\utils\HashedString\HashedString-inl.h">
      <Filter>Header Files</Filter>
    </ClInclude>
    <ClInclude Include="..\src\utils\StringPool\StringPool.h">
      <Filter>Header Files</Filter>
    </ClInclude>
  </ItemGroup>
  <ItemGroup>
    <None Include="..\src\timing\Timing.inl">
      <Filter>Header Files\timing</Filter>
    </None>
  </ItemGroup>
</Project>